
Microsoft Visual Studio Solution File, Format Version 12.00
# Visual Studio 15
VisualStudioVersion = 15.0.27130.2020
MinimumVisualStudioVersion = 10.0.40219.1
Project("{FAE04EC0-301F-11D3-BF4B-00C04F79EFBC}") = "Frends.Community.Unzip", "Frends.Community.Unzip\Frends.Community.Unzip.csproj", "{51DC7794-1A38-4666-B34A-1D5E9C0A0FB0}"
EndProject
Project("{FAE04EC0-301F-11D3-BF4B-00C04F79EFBC}") = "Frends.Community.UnzipTests", "Frends.Community.UnzipTests\Frends.Community.UnzipTests.csproj", "{A41706AD-7BBF-44CA-A918-3122A5B4DF6F}"
EndProject
Project("{2150E333-8FDC-42A3-9474-1A3956D46DE8}") = "Solution Items", "Solution Items", "{5CF3AC74-3E7C-471F-8FAA-DB316264495C}"
	ProjectSection(SolutionItems) = preProject
		nuspec\Frends.Community.Unzip.nuspec = nuspec\Frends.Community.Unzip.nuspec
		README.md = README.md
	EndProjectSection
EndProject
Global
	GlobalSection(SolutionConfigurationPlatforms) = preSolution
		Debug|Any CPU = Debug|Any CPU
		Release|Any CPU = Release|Any CPU
	EndGlobalSection
	GlobalSection(ProjectConfigurationPlatforms) = postSolution
		{51DC7794-1A38-4666-B34A-1D5E9C0A0FB0}.Debug|Any CPU.ActiveCfg = Debug|Any CPU
		{51DC7794-1A38-4666-B34A-1D5E9C0A0FB0}.Debug|Any CPU.Build.0 = Debug|Any CPU
		{51DC7794-1A38-4666-B34A-1D5E9C0A0FB0}.Release|Any CPU.ActiveCfg = Release|Any CPU
		{51DC7794-1A38-4666-B34A-1D5E9C0A0FB0}.Release|Any CPU.Build.0 = Release|Any CPU
		{A41706AD-7BBF-44CA-A918-3122A5B4DF6F}.Debug|Any CPU.ActiveCfg = Debug|Any CPU
		{A41706AD-7BBF-44CA-A918-3122A5B4DF6F}.Debug|Any CPU.Build.0 = Debug|Any CPU
		{A41706AD-7BBF-44CA-A918-3122A5B4DF6F}.Release|Any CPU.ActiveCfg = Release|Any CPU
		{A41706AD-7BBF-44CA-A918-3122A5B4DF6F}.Release|Any CPU.Build.0 = Release|Any CPU
	EndGlobalSection
	GlobalSection(SolutionProperties) = preSolution
		HideSolutionNode = FALSE
	EndGlobalSection
	GlobalSection(ExtensibilityGlobals) = postSolution
		SolutionGuid = {6F2FCD05-D7F8-4B22-92D4-6B0AC64237AF}
	EndGlobalSection
EndGlobal
