
Microsoft Visual Studio Solution File, Format Version 12.00
# Visual Studio 15
VisualStudioVersion = 15.0.27130.2020
MinimumVisualStudioVersion = 10.0.40219.1
Project("{FAE04EC0-301F-11D3-BF4B-00C04F79EFBC}") = "Frends.Community.Unzip", "Frends.Community.Unzip.csproj", "{B97A83D5-F67E-471B-B949-5E95F5D3099D}"
EndProject
Project("{FAE04EC0-301F-11D3-BF4B-00C04F79EFBC}") = "Frends.Community.Unzip.Tests", "..\Frends.Community.UnzipTests\Frends.Community.Unzip.Tests.csproj", "{9D60B355-1B97-4B60-BA1B-949FF37476B9}"
EndProject
Global
	GlobalSection(SolutionConfigurationPlatforms) = preSolution
		Debug|Any CPU = Debug|Any CPU
		Release|Any CPU = Release|Any CPU
	EndGlobalSection
	GlobalSection(ProjectConfigurationPlatforms) = postSolution
		{B97A83D5-F67E-471B-B949-5E95F5D3099D}.Debug|Any CPU.ActiveCfg = Debug|Any CPU
		{B97A83D5-F67E-471B-B949-5E95F5D3099D}.Debug|Any CPU.Build.0 = Debug|Any CPU
		{B97A83D5-F67E-471B-B949-5E95F5D3099D}.Release|Any CPU.ActiveCfg = Release|Any CPU
		{B97A83D5-F67E-471B-B949-5E95F5D3099D}.Release|Any CPU.Build.0 = Release|Any CPU
		{9D60B355-1B97-4B60-BA1B-949FF37476B9}.Debug|Any CPU.ActiveCfg = Debug|Any CPU
		{9D60B355-1B97-4B60-BA1B-949FF37476B9}.Debug|Any CPU.Build.0 = Debug|Any CPU
		{9D60B355-1B97-4B60-BA1B-949FF37476B9}.Release|Any CPU.ActiveCfg = Release|Any CPU
		{9D60B355-1B97-4B60-BA1B-949FF37476B9}.Release|Any CPU.Build.0 = Release|Any CPU
	EndGlobalSection
	GlobalSection(SolutionProperties) = preSolution
		HideSolutionNode = FALSE
	EndGlobalSection
	GlobalSection(ExtensibilityGlobals) = postSolution
		SolutionGuid = {17D2C8A5-A0D9-47F4-86C3-B53D5403BA7F}
	EndGlobalSection
EndGlobal
